// !$*UTF8*$!
{
	archiveVersion = 1;
	classes = {
	};
	objectVersion = 77;
	objects = {

/* Begin PBXBuildFile section */
		AE046B362DCE8C8B000DAD3A /* qui watch Watch App.app in Embed Watch Content */ = {isa = PBXBuildFile; fileRef = AE046B2C2DCE8C8A000DAD3A /* qui watch Watch App.app */; settings = {ATTRIBUTES = (RemoveHeadersOnCopy, ); }; };
		AE0A427C2DCFF90D0093EE8B /* WidgetKit.framework in Frameworks */ = {isa = PBXBuildFile; fileRef = AED6B43F2DCD00B100FB6EB2 /* WidgetKit.framework */; };
		AE0A427D2DCFF90D0093EE8B /* SwiftUI.framework in Frameworks */ = {isa = PBXBuildFile; fileRef = AED6B4412DCD00B100FB6EB2 /* SwiftUI.framework */; };
		AE0A42882DCFF90E0093EE8B /* qui watch complications extensionExtension.appex in Embed Foundation Extensions */ = {isa = PBXBuildFile; fileRef = AE0A427B2DCFF90D0093EE8B /* qui watch complications extensionExtension.appex */; settings = {ATTRIBUTES = (RemoveHeadersOnCopy, ); }; };
		AED6B4402DCD00B100FB6EB2 /* WidgetKit.framework in Frameworks */ = {isa = PBXBuildFile; fileRef = AED6B43F2DCD00B100FB6EB2 /* WidgetKit.framework */; };
		AED6B4422DCD00B100FB6EB2 /* SwiftUI.framework in Frameworks */ = {isa = PBXBuildFile; fileRef = AED6B4412DCD00B100FB6EB2 /* SwiftUI.framework */; };
		AED6B4532DCD00B200FB6EB2 /* qui widget extension.appex in Embed Foundation Extensions */ = {isa = PBXBuildFile; fileRef = AED6B43D2DCD00B100FB6EB2 /* qui widget extension.appex */; settings = {ATTRIBUTES = (RemoveHeadersOnCopy, ); }; };
/* End PBXBuildFile section */

/* Begin PBXContainerItemProxy section */
		AE046B342DCE8C8B000DAD3A /* PBXContainerItemProxy */ = {
			isa = PBXContainerItemProxy;
			containerPortal = AE3103A72DCBCC9200A36CDE /* Project object */;
			proxyType = 1;
			remoteGlobalIDString = AE046B2B2DCE8C8A000DAD3A;
			remoteInfo = "qui watch Watch App";
		};
		AE0A42862DCFF90E0093EE8B /* PBXContainerItemProxy */ = {
			isa = PBXContainerItemProxy;
			containerPortal = AE3103A72DCBCC9200A36CDE /* Project object */;
			proxyType = 1;
			remoteGlobalIDString = AE0A427A2DCFF90D0093EE8B;
			remoteInfo = "qui watch complications extensionExtension";
		};
		AED6B4512DCD00B200FB6EB2 /* PBXContainerItemProxy */ = {
			isa = PBXContainerItemProxy;
			containerPortal = AE3103A72DCBCC9200A36CDE /* Project object */;
			proxyType = 1;
			remoteGlobalIDString = AED6B43C2DCD00B100FB6EB2;
			remoteInfo = "Mission Rock Events Widget ExtensionExtension";
		};
/* End PBXContainerItemProxy section */

/* Begin PBXCopyFilesBuildPhase section */
		AE046B3A2DCE8C8B000DAD3A /* Embed Watch Content */ = {
			isa = PBXCopyFilesBuildPhase;
			buildActionMask = 2147483647;
			dstPath = "$(CONTENTS_FOLDER_PATH)/Watch";
			dstSubfolderSpec = 16;
			files = (
				AE046B362DCE8C8B000DAD3A /* qui watch Watch App.app in Embed Watch Content */,
			);
			name = "Embed Watch Content";
			runOnlyForDeploymentPostprocessing = 0;
		};
		AE0A428D2DCFF90E0093EE8B /* Embed Foundation Extensions */ = {
			isa = PBXCopyFilesBuildPhase;
			buildActionMask = 2147483647;
			dstPath = "";
			dstSubfolderSpec = 13;
			files = (
				AE0A42882DCFF90E0093EE8B /* qui watch complications extensionExtension.appex in Embed Foundation Extensions */,
			);
			name = "Embed Foundation Extensions";
			runOnlyForDeploymentPostprocessing = 0;
		};
		AED6B4582DCD00B200FB6EB2 /* Embed Foundation Extensions */ = {
			isa = PBXCopyFilesBuildPhase;
			buildActionMask = 2147483647;
			dstPath = "";
			dstSubfolderSpec = 13;
			files = (
				AED6B4532DCD00B200FB6EB2 /* qui widget extension.appex in Embed Foundation Extensions */,
			);
			name = "Embed Foundation Extensions";
			runOnlyForDeploymentPostprocessing = 0;
		};
/* End PBXCopyFilesBuildPhase section */

/* Begin PBXFileReference section */
		AE046B2C2DCE8C8A000DAD3A /* qui watch Watch App.app */ = {isa = PBXFileReference; explicitFileType = wrapper.application; includeInIndex = 0; path = "qui watch Watch App.app"; sourceTree = BUILT_PRODUCTS_DIR; };
		AE0A427B2DCFF90D0093EE8B /* qui watch complications extensionExtension.appex */ = {isa = PBXFileReference; explicitFileType = "wrapper.app-extension"; includeInIndex = 0; path = "qui watch complications extensionExtension.appex"; sourceTree = BUILT_PRODUCTS_DIR; };
		AE0A450B2DCFFC2C0093EE8B /* qui watch complications extensionExtension.entitlements */ = {isa = PBXFileReference; lastKnownFileType = text.plist.entitlements; path = "qui watch complications extensionExtension.entitlements"; sourceTree = "<group>"; };
		AE3103AF2DCBCC9200A36CDE /* qui.app */ = {isa = PBXFileReference; explicitFileType = wrapper.application; includeInIndex = 0; path = qui.app; sourceTree = BUILT_PRODUCTS_DIR; };
		AED6B43D2DCD00B100FB6EB2 /* qui widget extension.appex */ = {isa = PBXFileReference; explicitFileType = "wrapper.app-extension"; includeInIndex = 0; path = "qui widget extension.appex"; sourceTree = BUILT_PRODUCTS_DIR; };
		AED6B43F2DCD00B100FB6EB2 /* WidgetKit.framework */ = {isa = PBXFileReference; lastKnownFileType = wrapper.framework; name = WidgetKit.framework; path = System/Library/Frameworks/WidgetKit.framework; sourceTree = SDKROOT; };
		AED6B4412DCD00B100FB6EB2 /* SwiftUI.framework */ = {isa = PBXFileReference; lastKnownFileType = wrapper.framework; name = SwiftUI.framework; path = System/Library/Frameworks/SwiftUI.framework; sourceTree = SDKROOT; };
/* End PBXFileReference section */

/* Begin PBXFileSystemSynchronizedBuildFileExceptionSet section */
		AE046B422DCE8F87000DAD3A /* Exceptions for "qui" folder in "qui watch Watch App" target */ = {
			isa = PBXFileSystemSynchronizedBuildFileExceptionSet;
			membershipExceptions = (
				Actors/QuiEventHandler.swift,
				Dongles/Constants.swift,
				Dongles/Date.swift,
				Dongles/EKEvent.swift,
				Dongles/Logger.swift,
				Dongles/UserDefaults.swift,
				Model/DiskImageCache.swift,
				Model/EventLocation.swift,
				Model/EventSource.swift,
				Model/EventType.swift,
				Model/ImageCache.swift,
				Model/QuiEvent.swift,
				Model/QuiEventEntity.swift,
				Model/QuiEventQuery.swift,
				NoEventTitle.swift,
				quiIconWatch.icon,
				View/DateChooser.swift,
				View/EventCard.swift,
				View/EventsList.swift,
				View/InfoView.swift,
				View/NoEventCard.swift,
			);
			target = AE046B2B2DCE8C8A000DAD3A /* qui watch Watch App */;
		};
		AE0A428C2DCFF90E0093EE8B /* Exceptions for "qui watch complications extension" folder in "qui watch complications extensionExtension" target */ = {
			isa = PBXFileSystemSynchronizedBuildFileExceptionSet;
			membershipExceptions = (
				Info.plist,
			);
			target = AE0A427A2DCFF90D0093EE8B /* qui watch complications extensionExtension */;
		};
		AE0A45122DCFFC810093EE8B /* Exceptions for "qui" folder in "qui watch complications extensionExtension" target */ = {
			isa = PBXFileSystemSynchronizedBuildFileExceptionSet;
			membershipExceptions = (
				Dongles/Constants.swift,
				Dongles/Date.swift,
				Dongles/EKEvent.swift,
				Dongles/Logger.swift,
				Dongles/UserDefaults.swift,
				Model/EventLocation.swift,
				Model/EventSource.swift,
				Model/EventType.swift,
				Model/QuiEvent.swift,
				Model/QuiEventEntity.swift,
				Model/QuiEventQuery.swift,
			);
			target = AE0A427A2DCFF90D0093EE8B /* qui watch complications extensionExtension */;
		};
		AE0A45182DD000420093EE8B /* Exceptions for "qui watch Watch App" folder in "qui watch complications extensionExtension" target */ = {
			isa = PBXFileSystemSynchronizedBuildFileExceptionSet;
			membershipExceptions = (
				Assets.xcassets,
			);
			target = AE0A427A2DCFF90D0093EE8B /* qui watch complications extensionExtension */;
		};
		AED6B4542DCD00B200FB6EB2 /* Exceptions for "qui extension" folder in "qui widget extension" target */ = {
			isa = PBXFileSystemSynchronizedBuildFileExceptionSet;
			membershipExceptions = (
				Info.plist,
			);
			target = AED6B43C2DCD00B100FB6EB2 /* qui widget extension */;
		};
		AED6B45A2DCD00C900FB6EB2 /* Exceptions for "qui" folder in "qui widget extension" target */ = {
			isa = PBXFileSystemSynchronizedBuildFileExceptionSet;
			membershipExceptions = (
				Actors/QuiEventHandler.swift,
				AppIntents/EventsForDateIntent.swift,
				AppIntents/QuiShortcutsProvider.swift,
				AppIntents/TodayEventsIntent.swift,
				Assets.xcassets,
				Dongles/Constants.swift,
				Dongles/Date.swift,
				Dongles/EKEvent.swift,
				Dongles/Logger.swift,
				Dongles/UserDefaults.swift,
				Model/DiskImageCache.swift,
				Model/EventLocation.swift,
				Model/EventSource.swift,
				Model/EventType.swift,
				Model/ImageCache.swift,
				Model/QuiEvent.swift,
				Model/QuiEventEntity.swift,
				Model/QuiEventQuery.swift,
				NoEventTitle.swift,
				View/DateChooser.swift,
				View/EventCard.swift,
				View/NoEventCard.swift,
			);
			target = AED6B43C2DCD00B100FB6EB2 /* qui widget extension */;
		};
		AEEB3BF12E232D4E0081C6DB /* Exceptions for "qui" folder in "qui" target */ = {
			isa = PBXFileSystemSynchronizedBuildFileExceptionSet;
			membershipExceptions = (
				quiIconWatch.icon,
			);
			target = AE3103AE2DCBCC9200A36CDE /* qui */;
		};
/* End PBXFileSystemSynchronizedBuildFileExceptionSet section */

/* Begin PBXFileSystemSynchronizedRootGroup section */
		AE046B2D2DCE8C8A000DAD3A /* qui watch Watch App */ = {
			isa = PBXFileSystemSynchronizedRootGroup;
			exceptions = (
				AE0A45182DD000420093EE8B /* Exceptions for "qui watch Watch App" folder in "qui watch complications extensionExtension" target */,
			);
			path = "qui watch Watch App";
			sourceTree = "<group>";
		};
		AE0A427E2DCFF90D0093EE8B /* qui watch complications extension */ = {
			isa = PBXFileSystemSynchronizedRootGroup;
			exceptions = (
				AE0A428C2DCFF90E0093EE8B /* Exceptions for "qui watch complications extension" folder in "qui watch complications extensionExtension" target */,
			);
			path = "qui watch complications extension";
			sourceTree = "<group>";
		};
		AE3103B12DCBCC9200A36CDE /* qui */ = {
			isa = PBXFileSystemSynchronizedRootGroup;
			exceptions = (
				AEEB3BF12E232D4E0081C6DB /* Exceptions for "qui" folder in "qui" target */,
				AED6B45A2DCD00C900FB6EB2 /* Exceptions for "qui" folder in "qui widget extension" target */,
				AE046B422DCE8F87000DAD3A /* Exceptions for "qui" folder in "qui watch Watch App" target */,
				AE0A45122DCFFC810093EE8B /* Exceptions for "qui" folder in "qui watch complications extensionExtension" target */,
			);
			path = qui;
			sourceTree = "<group>";
		};
		AED6B4432DCD00B100FB6EB2 /* qui extension */ = {
			isa = PBXFileSystemSynchronizedRootGroup;
			exceptions = (
				AED6B4542DCD00B200FB6EB2 /* Exceptions for "qui extension" folder in "qui widget extension" target */,
			);
			path = "qui extension";
			sourceTree = "<group>";
		};
/* End PBXFileSystemSynchronizedRootGroup section */

/* Begin PBXFrameworksBuildPhase section */
		AE046B292DCE8C8A000DAD3A /* Frameworks */ = {
			isa = PBXFrameworksBuildPhase;
			buildActionMask = 2147483647;
			files = (
			);
			runOnlyForDeploymentPostprocessing = 0;
		};
		AE0A42782DCFF90D0093EE8B /* Frameworks */ = {
			isa = PBXFrameworksBuildPhase;
			buildActionMask = 2147483647;
			files = (
				AE0A427D2DCFF90D0093EE8B /* SwiftUI.framework in Frameworks */,
				AE0A427C2DCFF90D0093EE8B /* WidgetKit.framework in Frameworks */,
			);
			runOnlyForDeploymentPostprocessing = 0;
		};
		AE3103AC2DCBCC9200A36CDE /* Frameworks */ = {
			isa = PBXFrameworksBuildPhase;
			buildActionMask = 2147483647;
			files = (
			);
			runOnlyForDeploymentPostprocessing = 0;
		};
		AED6B43A2DCD00B100FB6EB2 /* Frameworks */ = {
			isa = PBXFrameworksBuildPhase;
			buildActionMask = 2147483647;
			files = (
				AED6B4422DCD00B100FB6EB2 /* SwiftUI.framework in Frameworks */,
				AED6B4402DCD00B100FB6EB2 /* WidgetKit.framework in Frameworks */,
			);
			runOnlyForDeploymentPostprocessing = 0;
		};
/* End PBXFrameworksBuildPhase section */

/* Begin PBXGroup section */
		AE3103A62DCBCC9200A36CDE = {
			isa = PBXGroup;
			children = (
				AE0A450B2DCFFC2C0093EE8B /* qui watch complications extensionExtension.entitlements */,
				AE3103B12DCBCC9200A36CDE /* qui */,
				AED6B4432DCD00B100FB6EB2 /* qui extension */,
				AE046B2D2DCE8C8A000DAD3A /* qui watch Watch App */,
				AE0A427E2DCFF90D0093EE8B /* qui watch complications extension */,
				AED6B43E2DCD00B100FB6EB2 /* Frameworks */,
				AE3103B02DCBCC9200A36CDE /* Products */,
			);
			indentWidth = 2;
			sourceTree = "<group>";
			tabWidth = 2;
		};
		AE3103B02DCBCC9200A36CDE /* Products */ = {
			isa = PBXGroup;
			children = (
				AE3103AF2DCBCC9200A36CDE /* qui.app */,
				AED6B43D2DCD00B100FB6EB2 /* qui widget extension.appex */,
				AE046B2C2DCE8C8A000DAD3A /* qui watch Watch App.app */,
				AE0A427B2DCFF90D0093EE8B /* qui watch complications extensionExtension.appex */,
			);
			name = Products;
			sourceTree = "<group>";
		};
		AED6B43E2DCD00B100FB6EB2 /* Frameworks */ = {
			isa = PBXGroup;
			children = (
				AED6B43F2DCD00B100FB6EB2 /* WidgetKit.framework */,
				AED6B4412DCD00B100FB6EB2 /* SwiftUI.framework */,
			);
			name = Frameworks;
			sourceTree = "<group>";
		};
/* End PBXGroup section */

/* Begin PBXNativeTarget section */
		AE046B2B2DCE8C8A000DAD3A /* qui watch Watch App */ = {
			isa = PBXNativeTarget;
			buildConfigurationList = AE046B372DCE8C8B000DAD3A /* Build configuration list for PBXNativeTarget "qui watch Watch App" */;
			buildPhases = (
				AE046B282DCE8C8A000DAD3A /* Sources */,
				AE046B292DCE8C8A000DAD3A /* Frameworks */,
				AE046B2A2DCE8C8A000DAD3A /* Resources */,
				AE0A428D2DCFF90E0093EE8B /* Embed Foundation Extensions */,
			);
			buildRules = (
			);
			dependencies = (
				AE0A42872DCFF90E0093EE8B /* PBXTargetDependency */,
			);
			fileSystemSynchronizedGroups = (
				AE046B2D2DCE8C8A000DAD3A /* qui watch Watch App */,
			);
			name = "qui watch Watch App";
			packageProductDependencies = (
			);
			productName = "qui watch Watch App";
			productReference = AE046B2C2DCE8C8A000DAD3A /* qui watch Watch App.app */;
			productType = "com.apple.product-type.application";
		};
		AE0A427A2DCFF90D0093EE8B /* qui watch complications extensionExtension */ = {
			isa = PBXNativeTarget;
			buildConfigurationList = AE0A42892DCFF90E0093EE8B /* Build configuration list for PBXNativeTarget "qui watch complications extensionExtension" */;
			buildPhases = (
				AE0A42772DCFF90D0093EE8B /* Sources */,
				AE0A42782DCFF90D0093EE8B /* Frameworks */,
				AE0A42792DCFF90D0093EE8B /* Resources */,
			);
			buildRules = (
			);
			dependencies = (
			);
			fileSystemSynchronizedGroups = (
				AE0A427E2DCFF90D0093EE8B /* qui watch complications extension */,
			);
			name = "qui watch complications extensionExtension";
			packageProductDependencies = (
			);
			productName = "qui watch complications extensionExtension";
			productReference = AE0A427B2DCFF90D0093EE8B /* qui watch complications extensionExtension.appex */;
			productType = "com.apple.product-type.app-extension";
		};
		AE3103AE2DCBCC9200A36CDE /* qui */ = {
			isa = PBXNativeTarget;
			buildConfigurationList = AE3103BC2DCBCC9300A36CDE /* Build configuration list for PBXNativeTarget "qui" */;
			buildPhases = (
				AE3103AB2DCBCC9200A36CDE /* Sources */,
				AE3103AC2DCBCC9200A36CDE /* Frameworks */,
				AE3103AD2DCBCC9200A36CDE /* Resources */,
				AED6B4582DCD00B200FB6EB2 /* Embed Foundation Extensions */,
				AE046B3A2DCE8C8B000DAD3A /* Embed Watch Content */,
			);
			buildRules = (
			);
			dependencies = (
				AED6B4522DCD00B200FB6EB2 /* PBXTargetDependency */,
				AE046B352DCE8C8B000DAD3A /* PBXTargetDependency */,
			);
			fileSystemSynchronizedGroups = (
				AE3103B12DCBCC9200A36CDE /* qui */,
			);
			name = qui;
			packageProductDependencies = (
			);
			productName = "Mission Rock Events";
			productReference = AE3103AF2DCBCC9200A36CDE /* qui.app */;
			productType = "com.apple.product-type.application";
		};
		AED6B43C2DCD00B100FB6EB2 /* qui widget extension */ = {
			isa = PBXNativeTarget;
			buildConfigurationList = AED6B4552DCD00B200FB6EB2 /* Build configuration list for PBXNativeTarget "qui widget extension" */;
			buildPhases = (
				AED6B4392DCD00B100FB6EB2 /* Sources */,
				AED6B43A2DCD00B100FB6EB2 /* Frameworks */,
				AED6B43B2DCD00B100FB6EB2 /* Resources */,
			);
			buildRules = (
			);
			dependencies = (
			);
			fileSystemSynchronizedGroups = (
				AED6B4432DCD00B100FB6EB2 /* qui extension */,
			);
			name = "qui widget extension";
			packageProductDependencies = (
			);
			productName = "Mission Rock Events Widget ExtensionExtension";
			productReference = AED6B43D2DCD00B100FB6EB2 /* qui widget extension.appex */;
			productType = "com.apple.product-type.app-extension";
		};
/* End PBXNativeTarget section */

/* Begin PBXProject section */
		AE3103A72DCBCC9200A36CDE /* Project object */ = {
			isa = PBXProject;
			attributes = {
				BuildIndependentTargetsInParallel = 1;
				LastSwiftUpdateCheck = 1630;
				LastUpgradeCheck = 2600;
				TargetAttributes = {
					AE046B2B2DCE8C8A000DAD3A = {
						CreatedOnToolsVersion = 16.3;
					};
					AE0A427A2DCFF90D0093EE8B = {
						CreatedOnToolsVersion = 16.3;
					};
					AE3103AE2DCBCC9200A36CDE = {
						CreatedOnToolsVersion = 16.3;
					};
					AED6B43C2DCD00B100FB6EB2 = {
						CreatedOnToolsVersion = 16.3;
					};
				};
			};
			buildConfigurationList = AE3103AA2DCBCC9200A36CDE /* Build configuration list for PBXProject "qui" */;
			developmentRegion = en;
			hasScannedForEncodings = 0;
			knownRegions = (
				en,
				Base,
			);
			mainGroup = AE3103A62DCBCC9200A36CDE;
			minimizedProjectReferenceProxies = 1;
			preferredProjectObjectVersion = 77;
			productRefGroup = AE3103B02DCBCC9200A36CDE /* Products */;
			projectDirPath = "";
			projectRoot = "";
			targets = (
				AE3103AE2DCBCC9200A36CDE /* qui */,
				AED6B43C2DCD00B100FB6EB2 /* qui widget extension */,
				AE046B2B2DCE8C8A000DAD3A /* qui watch Watch App */,
				AE0A427A2DCFF90D0093EE8B /* qui watch complications extensionExtension */,
			);
		};
/* End PBXProject section */

/* Begin PBXResourcesBuildPhase section */
		AE046B2A2DCE8C8A000DAD3A /* Resources */ = {
			isa = PBXResourcesBuildPhase;
			buildActionMask = 2147483647;
			files = (
			);
			runOnlyForDeploymentPostprocessing = 0;
		};
		AE0A42792DCFF90D0093EE8B /* Resources */ = {
			isa = PBXResourcesBuildPhase;
			buildActionMask = 2147483647;
			files = (
			);
			runOnlyForDeploymentPostprocessing = 0;
		};
		AE3103AD2DCBCC9200A36CDE /* Resources */ = {
			isa = PBXResourcesBuildPhase;
			buildActionMask = 2147483647;
			files = (
			);
			runOnlyForDeploymentPostprocessing = 0;
		};
		AED6B43B2DCD00B100FB6EB2 /* Resources */ = {
			isa = PBXResourcesBuildPhase;
			buildActionMask = 2147483647;
			files = (
			);
			runOnlyForDeploymentPostprocessing = 0;
		};
/* End PBXResourcesBuildPhase section */

/* Begin PBXSourcesBuildPhase section */
		AE046B282DCE8C8A000DAD3A /* Sources */ = {
			isa = PBXSourcesBuildPhase;
			buildActionMask = 2147483647;
			files = (
			);
			runOnlyForDeploymentPostprocessing = 0;
		};
		AE0A42772DCFF90D0093EE8B /* Sources */ = {
			isa = PBXSourcesBuildPhase;
			buildActionMask = 2147483647;
			files = (
			);
			runOnlyForDeploymentPostprocessing = 0;
		};
		AE3103AB2DCBCC9200A36CDE /* Sources */ = {
			isa = PBXSourcesBuildPhase;
			buildActionMask = 2147483647;
			files = (
			);
			runOnlyForDeploymentPostprocessing = 0;
		};
		AED6B4392DCD00B100FB6EB2 /* Sources */ = {
			isa = PBXSourcesBuildPhase;
			buildActionMask = 2147483647;
			files = (
			);
			runOnlyForDeploymentPostprocessing = 0;
		};
/* End PBXSourcesBuildPhase section */

/* Begin PBXTargetDependency section */
		AE046B352DCE8C8B000DAD3A /* PBXTargetDependency */ = {
			isa = PBXTargetDependency;
			target = AE046B2B2DCE8C8A000DAD3A /* qui watch Watch App */;
			targetProxy = AE046B342DCE8C8B000DAD3A /* PBXContainerItemProxy */;
		};
		AE0A42872DCFF90E0093EE8B /* PBXTargetDependency */ = {
			isa = PBXTargetDependency;
			target = AE0A427A2DCFF90D0093EE8B /* qui watch complications extensionExtension */;
			targetProxy = AE0A42862DCFF90E0093EE8B /* PBXContainerItemProxy */;
		};
		AED6B4522DCD00B200FB6EB2 /* PBXTargetDependency */ = {
			isa = PBXTargetDependency;
			target = AED6B43C2DCD00B100FB6EB2 /* qui widget extension */;
			targetProxy = AED6B4512DCD00B200FB6EB2 /* PBXContainerItemProxy */;
		};
/* End PBXTargetDependency section */

/* Begin XCBuildConfiguration section */
		AE046B382DCE8C8B000DAD3A /* Debug */ = {
			isa = XCBuildConfiguration;
			buildSettings = {
				ASSETCATALOG_COMPILER_APPICON_NAME = quiIconWatch;
				ASSETCATALOG_COMPILER_GLOBAL_ACCENT_COLOR_NAME = AccentColor;
				CODE_SIGN_ENTITLEMENTS = "qui watch Watch App/qui watch Watch App.entitlements";
				CODE_SIGN_STYLE = Automatic;
				CURRENT_PROJECT_VERSION = 100101;
				DEVELOPMENT_TEAM = T2N6RA2S89;
				ENABLE_PREVIEWS = YES;
				GENERATE_INFOPLIST_FILE = YES;
				INFOPLIST_KEY_CFBundleDisplayName = qui;
				INFOPLIST_KEY_ITSAppUsesNonExemptEncryption = NO;
				INFOPLIST_KEY_UISupportedInterfaceOrientations = "UIInterfaceOrientationPortrait UIInterfaceOrientationPortraitUpsideDown";
				INFOPLIST_KEY_WKCompanionAppBundleIdentifier = com.joecieplinski.qui;
				LD_RUNPATH_SEARCH_PATHS = (
					"$(inherited)",
					"@executable_path/Frameworks",
				);
				MARKETING_VERSION = 1.0.10;
				PRODUCT_BUNDLE_IDENTIFIER = com.joecieplinski.qui.watchkitapp;
				PRODUCT_NAME = "$(TARGET_NAME)";
				SDKROOT = watchos;
				SKIP_INSTALL = YES;
				SWIFT_EMIT_LOC_STRINGS = YES;
				SWIFT_VERSION = 6.0;
				TARGETED_DEVICE_FAMILY = 4;
				WATCHOS_DEPLOYMENT_TARGET = 11.4;
			};
			name = Debug;
		};
		AE046B392DCE8C8B000DAD3A /* Release */ = {
			isa = XCBuildConfiguration;
			buildSettings = {
				ASSETCATALOG_COMPILER_APPICON_NAME = quiIconWatch;
				ASSETCATALOG_COMPILER_GLOBAL_ACCENT_COLOR_NAME = AccentColor;
				CODE_SIGN_ENTITLEMENTS = "qui watch Watch App/qui watch Watch App.entitlements";
				CODE_SIGN_STYLE = Automatic;
				CURRENT_PROJECT_VERSION = 100101;
				DEVELOPMENT_TEAM = T2N6RA2S89;
				ENABLE_PREVIEWS = YES;
				GENERATE_INFOPLIST_FILE = YES;
				INFOPLIST_KEY_CFBundleDisplayName = qui;
				INFOPLIST_KEY_ITSAppUsesNonExemptEncryption = NO;
				INFOPLIST_KEY_UISupportedInterfaceOrientations = "UIInterfaceOrientationPortrait UIInterfaceOrientationPortraitUpsideDown";
				INFOPLIST_KEY_WKCompanionAppBundleIdentifier = com.joecieplinski.qui;
				LD_RUNPATH_SEARCH_PATHS = (
					"$(inherited)",
					"@executable_path/Frameworks",
				);
				MARKETING_VERSION = 1.0.10;
				PRODUCT_BUNDLE_IDENTIFIER = com.joecieplinski.qui.watchkitapp;
				PRODUCT_NAME = "$(TARGET_NAME)";
				SDKROOT = watchos;
				SKIP_INSTALL = YES;
				SWIFT_EMIT_LOC_STRINGS = YES;
				SWIFT_VERSION = 6.0;
				TARGETED_DEVICE_FAMILY = 4;
				WATCHOS_DEPLOYMENT_TARGET = 11.4;
			};
			name = Release;
		};
		AE0A428A2DCFF90E0093EE8B /* Debug */ = {
			isa = XCBuildConfiguration;
			buildSettings = {
				ASSETCATALOG_COMPILER_GLOBAL_ACCENT_COLOR_NAME = AccentColor;
				ASSETCATALOG_COMPILER_WIDGET_BACKGROUND_COLOR_NAME = WidgetBackground;
				CODE_SIGN_ENTITLEMENTS = "qui watch complications extensionExtension.entitlements";
				CODE_SIGN_STYLE = Automatic;
				CURRENT_PROJECT_VERSION = 100101;
				DEVELOPMENT_TEAM = T2N6RA2S89;
				GENERATE_INFOPLIST_FILE = YES;
				INFOPLIST_FILE = "qui watch complications extension/Info.plist";
				INFOPLIST_KEY_CFBundleDisplayName = qui;
				INFOPLIST_KEY_NSHumanReadableCopyright = "";
				LD_RUNPATH_SEARCH_PATHS = (
					"$(inherited)",
					"@executable_path/Frameworks",
					"@executable_path/../../Frameworks",
					"@executable_path/../../../../Frameworks",
				);
				MARKETING_VERSION = 1.0.10;
				PRODUCT_BUNDLE_IDENTIFIER = "com.joecieplinski.qui.watchkitapp.qui-watch-complications-extension";
				PRODUCT_NAME = "$(TARGET_NAME)";
				SDKROOT = watchos;
				SKIP_INSTALL = YES;
				SWIFT_EMIT_LOC_STRINGS = YES;
				SWIFT_VERSION = 5.0;
				TARGETED_DEVICE_FAMILY = 4;
				WATCHOS_DEPLOYMENT_TARGET = 11.4;
			};
			name = Debug;
		};
		AE0A428B2DCFF90E0093EE8B /* Release */ = {
			isa = XCBuildConfiguration;
			buildSettings = {
				ASSETCATALOG_COMPILER_GLOBAL_ACCENT_COLOR_NAME = AccentColor;
				ASSETCATALOG_COMPILER_WIDGET_BACKGROUND_COLOR_NAME = WidgetBackground;
				CODE_SIGN_ENTITLEMENTS = "qui watch complications extensionExtension.entitlements";
				CODE_SIGN_STYLE = Automatic;
				CURRENT_PROJECT_VERSION = 100101;
				DEVELOPMENT_TEAM = T2N6RA2S89;
				GENERATE_INFOPLIST_FILE = YES;
				INFOPLIST_FILE = "qui watch complications extension/Info.plist";
				INFOPLIST_KEY_CFBundleDisplayName = qui;
				INFOPLIST_KEY_NSHumanReadableCopyright = "";
				LD_RUNPATH_SEARCH_PATHS = (
					"$(inherited)",
					"@executable_path/Frameworks",
					"@executable_path/../../Frameworks",
					"@executable_path/../../../../Frameworks",
				);
				MARKETING_VERSION = 1.0.10;
				PRODUCT_BUNDLE_IDENTIFIER = "com.joecieplinski.qui.watchkitapp.qui-watch-complications-extension";
				PRODUCT_NAME = "$(TARGET_NAME)";
				SDKROOT = watchos;
				SKIP_INSTALL = YES;
				SWIFT_EMIT_LOC_STRINGS = YES;
				SWIFT_VERSION = 5.0;
				TARGETED_DEVICE_FAMILY = 4;
				WATCHOS_DEPLOYMENT_TARGET = 11.4;
			};
			name = Release;
		};
		AE3103BA2DCBCC9300A36CDE /* Debug */ = {
			isa = XCBuildConfiguration;
			buildSettings = {
				ALWAYS_SEARCH_USER_PATHS = NO;
				ASSETCATALOG_COMPILER_GENERATE_SWIFT_ASSET_SYMBOL_EXTENSIONS = YES;
				CLANG_ANALYZER_NONNULL = YES;
				CLANG_ANALYZER_NUMBER_OBJECT_CONVERSION = YES_AGGRESSIVE;
				CLANG_CXX_LANGUAGE_STANDARD = "gnu++20";
				CLANG_ENABLE_MODULES = YES;
				CLANG_ENABLE_OBJC_ARC = YES;
				CLANG_ENABLE_OBJC_WEAK = YES;
				CLANG_WARN_BLOCK_CAPTURE_AUTORELEASING = YES;
				CLANG_WARN_BOOL_CONVERSION = YES;
				CLANG_WARN_COMMA = YES;
				CLANG_WARN_CONSTANT_CONVERSION = YES;
				CLANG_WARN_DEPRECATED_OBJC_IMPLEMENTATIONS = YES;
				CLANG_WARN_DIRECT_OBJC_ISA_USAGE = YES_ERROR;
				CLANG_WARN_DOCUMENTATION_COMMENTS = YES;
				CLANG_WARN_EMPTY_BODY = YES;
				CLANG_WARN_ENUM_CONVERSION = YES;
				CLANG_WARN_INFINITE_RECURSION = YES;
				CLANG_WARN_INT_CONVERSION = YES;
				CLANG_WARN_NON_LITERAL_NULL_CONVERSION = YES;
				CLANG_WARN_OBJC_IMPLICIT_RETAIN_SELF = YES;
				CLANG_WARN_OBJC_LITERAL_CONVERSION = YES;
				CLANG_WARN_OBJC_ROOT_CLASS = YES_ERROR;
				CLANG_WARN_QUOTED_INCLUDE_IN_FRAMEWORK_HEADER = YES;
				CLANG_WARN_RANGE_LOOP_ANALYSIS = YES;
				CLANG_WARN_STRICT_PROTOTYPES = YES;
				CLANG_WARN_SUSPICIOUS_MOVE = YES;
				CLANG_WARN_UNGUARDED_AVAILABILITY = YES_AGGRESSIVE;
				CLANG_WARN_UNREACHABLE_CODE = YES;
				CLANG_WARN__DUPLICATE_METHOD_MATCH = YES;
				COPY_PHASE_STRIP = NO;
				DEBUG_INFORMATION_FORMAT = dwarf;
				DEVELOPMENT_TEAM = T2N6RA2S89;
				ENABLE_STRICT_OBJC_MSGSEND = YES;
				ENABLE_TESTABILITY = YES;
				ENABLE_USER_SCRIPT_SANDBOXING = YES;
				GCC_C_LANGUAGE_STANDARD = gnu17;
				GCC_DYNAMIC_NO_PIC = NO;
				GCC_NO_COMMON_BLOCKS = YES;
				GCC_OPTIMIZATION_LEVEL = 0;
				GCC_PREPROCESSOR_DEFINITIONS = (
					"DEBUG=1",
					"$(inherited)",
				);
				GCC_WARN_64_TO_32_BIT_CONVERSION = YES;
				GCC_WARN_ABOUT_RETURN_TYPE = YES_ERROR;
				GCC_WARN_UNDECLARED_SELECTOR = YES;
				GCC_WARN_UNINITIALIZED_AUTOS = YES_AGGRESSIVE;
				GCC_WARN_UNUSED_FUNCTION = YES;
				GCC_WARN_UNUSED_VARIABLE = YES;
				IPHONEOS_DEPLOYMENT_TARGET = 18.4;
				LOCALIZATION_PREFERS_STRING_CATALOGS = YES;
				MTL_ENABLE_DEBUG_INFO = INCLUDE_SOURCE;
				MTL_FAST_MATH = YES;
				ONLY_ACTIVE_ARCH = YES;
				SDKROOT = iphoneos;
				STRING_CATALOG_GENERATE_SYMBOLS = YES;
				SWIFT_ACTIVE_COMPILATION_CONDITIONS = "DEBUG $(inherited)";
				SWIFT_OPTIMIZATION_LEVEL = "-Onone";
			};
			name = Debug;
		};
		AE3103BB2DCBCC9300A36CDE /* Release */ = {
			isa = XCBuildConfiguration;
			buildSettings = {
				ALWAYS_SEARCH_USER_PATHS = NO;
				ASSETCATALOG_COMPILER_GENERATE_SWIFT_ASSET_SYMBOL_EXTENSIONS = YES;
				CLANG_ANALYZER_NONNULL = YES;
				CLANG_ANALYZER_NUMBER_OBJECT_CONVERSION = YES_AGGRESSIVE;
				CLANG_CXX_LANGUAGE_STANDARD = "gnu++20";
				CLANG_ENABLE_MODULES = YES;
				CLANG_ENABLE_OBJC_ARC = YES;
				CLANG_ENABLE_OBJC_WEAK = YES;
				CLANG_WARN_BLOCK_CAPTURE_AUTORELEASING = YES;
				CLANG_WARN_BOOL_CONVERSION = YES;
				CLANG_WARN_COMMA = YES;
				CLANG_WARN_CONSTANT_CONVERSION = YES;
				CLANG_WARN_DEPRECATED_OBJC_IMPLEMENTATIONS = YES;
				CLANG_WARN_DIRECT_OBJC_ISA_USAGE = YES_ERROR;
				CLANG_WARN_DOCUMENTATION_COMMENTS = YES;
				CLANG_WARN_EMPTY_BODY = YES;
				CLANG_WARN_ENUM_CONVERSION = YES;
				CLANG_WARN_INFINITE_RECURSION = YES;
				CLANG_WARN_INT_CONVERSION = YES;
				CLANG_WARN_NON_LITERAL_NULL_CONVERSION = YES;
				CLANG_WARN_OBJC_IMPLICIT_RETAIN_SELF = YES;
				CLANG_WARN_OBJC_LITERAL_CONVERSION = YES;
				CLANG_WARN_OBJC_ROOT_CLASS = YES_ERROR;
				CLANG_WARN_QUOTED_INCLUDE_IN_FRAMEWORK_HEADER = YES;
				CLANG_WARN_RANGE_LOOP_ANALYSIS = YES;
				CLANG_WARN_STRICT_PROTOTYPES = YES;
				CLANG_WARN_SUSPICIOUS_MOVE = YES;
				CLANG_WARN_UNGUARDED_AVAILABILITY = YES_AGGRESSIVE;
				CLANG_WARN_UNREACHABLE_CODE = YES;
				CLANG_WARN__DUPLICATE_METHOD_MATCH = YES;
				COPY_PHASE_STRIP = NO;
				DEBUG_INFORMATION_FORMAT = "dwarf-with-dsym";
				DEVELOPMENT_TEAM = T2N6RA2S89;
				ENABLE_NS_ASSERTIONS = NO;
				ENABLE_STRICT_OBJC_MSGSEND = YES;
				ENABLE_USER_SCRIPT_SANDBOXING = YES;
				GCC_C_LANGUAGE_STANDARD = gnu17;
				GCC_NO_COMMON_BLOCKS = YES;
				GCC_WARN_64_TO_32_BIT_CONVERSION = YES;
				GCC_WARN_ABOUT_RETURN_TYPE = YES_ERROR;
				GCC_WARN_UNDECLARED_SELECTOR = YES;
				GCC_WARN_UNINITIALIZED_AUTOS = YES_AGGRESSIVE;
				GCC_WARN_UNUSED_FUNCTION = YES;
				GCC_WARN_UNUSED_VARIABLE = YES;
				IPHONEOS_DEPLOYMENT_TARGET = 18.4;
				LOCALIZATION_PREFERS_STRING_CATALOGS = YES;
				MTL_ENABLE_DEBUG_INFO = NO;
				MTL_FAST_MATH = YES;
				SDKROOT = iphoneos;
				STRING_CATALOG_GENERATE_SYMBOLS = YES;
				SWIFT_COMPILATION_MODE = wholemodule;
				VALIDATE_PRODUCT = YES;
			};
			name = Release;
		};
		AE3103BD2DCBCC9300A36CDE /* Debug */ = {
			isa = XCBuildConfiguration;
			buildSettings = {
				ASSETCATALOG_COMPILER_APPICON_NAME = quiIcon;
				ASSETCATALOG_COMPILER_GLOBAL_ACCENT_COLOR_NAME = AccentColor;
				CODE_SIGN_ENTITLEMENTS = qui/qui.entitlements;
				CODE_SIGN_STYLE = Automatic;
				CURRENT_PROJECT_VERSION = 100101;
				DEVELOPMENT_TEAM = T2N6RA2S89;
				ENABLE_PREVIEWS = YES;
				GENERATE_INFOPLIST_FILE = YES;
				INFOPLIST_KEY_ITSAppUsesNonExemptEncryption = NO;
				INFOPLIST_KEY_UIApplicationSceneManifest_Generation = YES;
				INFOPLIST_KEY_UIApplicationSupportsIndirectInputEvents = YES;
				INFOPLIST_KEY_UILaunchScreen_Generation = YES;
				INFOPLIST_KEY_UISupportedInterfaceOrientations_iPad = "UIInterfaceOrientationPortrait UIInterfaceOrientationPortraitUpsideDown UIInterfaceOrientationLandscapeLeft UIInterfaceOrientationLandscapeRight";
				INFOPLIST_KEY_UISupportedInterfaceOrientations_iPhone = "UIInterfaceOrientationPortrait UIInterfaceOrientationLandscapeLeft UIInterfaceOrientationLandscapeRight";
				IPHONEOS_DEPLOYMENT_TARGET = 18.5;
				LD_RUNPATH_SEARCH_PATHS = (
					"$(inherited)",
					"@executable_path/Frameworks",
				);
				MARKETING_VERSION = 1.0.10;
				PRODUCT_BUNDLE_IDENTIFIER = com.joecieplinski.qui;
				PRODUCT_NAME = "$(TARGET_NAME)";
				SWIFT_EMIT_LOC_STRINGS = YES;
				SWIFT_VERSION = 5.0;
				TARGETED_DEVICE_FAMILY = "1,2";
			};
			name = Debug;
		};
		AE3103BE2DCBCC9300A36CDE /* Release */ = {
			isa = XCBuildConfiguration;
			buildSettings = {
				ASSETCATALOG_COMPILER_APPICON_NAME = quiIcon;
				ASSETCATALOG_COMPILER_GLOBAL_ACCENT_COLOR_NAME = AccentColor;
				CODE_SIGN_ENTITLEMENTS = qui/qui.entitlements;
				CODE_SIGN_STYLE = Automatic;
				CURRENT_PROJECT_VERSION = 100101;
				DEVELOPMENT_TEAM = T2N6RA2S89;
				ENABLE_PREVIEWS = YES;
				GENERATE_INFOPLIST_FILE = YES;
				INFOPLIST_KEY_ITSAppUsesNonExemptEncryption = NO;
				INFOPLIST_KEY_UIApplicationSceneManifest_Generation = YES;
				INFOPLIST_KEY_UIApplicationSupportsIndirectInputEvents = YES;
				INFOPLIST_KEY_UILaunchScreen_Generation = YES;
				INFOPLIST_KEY_UISupportedInterfaceOrientations_iPad = "UIInterfaceOrientationPortrait UIInterfaceOrientationPortraitUpsideDown UIInterfaceOrientationLandscapeLeft UIInterfaceOrientationLandscapeRight";
				INFOPLIST_KEY_UISupportedInterfaceOrientations_iPhone = "UIInterfaceOrientationPortrait UIInterfaceOrientationLandscapeLeft UIInterfaceOrientationLandscapeRight";
				IPHONEOS_DEPLOYMENT_TARGET = 18.5;
				LD_RUNPATH_SEARCH_PATHS = (
					"$(inherited)",
					"@executable_path/Frameworks",
				);
				MARKETING_VERSION = 1.0.10;
				PRODUCT_BUNDLE_IDENTIFIER = com.joecieplinski.qui;
				PRODUCT_NAME = "$(TARGET_NAME)";
				SWIFT_EMIT_LOC_STRINGS = YES;
				SWIFT_VERSION = 5.0;
				TARGETED_DEVICE_FAMILY = "1,2";
			};
			name = Release;
		};
		AED6B4562DCD00B200FB6EB2 /* Debug */ = {
			isa = XCBuildConfiguration;
			buildSettings = {
				ASSETCATALOG_COMPILER_GLOBAL_ACCENT_COLOR_NAME = AccentColor;
				ASSETCATALOG_COMPILER_WIDGET_BACKGROUND_COLOR_NAME = WidgetBackground;
				CODE_SIGN_ENTITLEMENTS = "qui Extension/qui Widget Extension.entitlements";
				CODE_SIGN_IDENTITY = "Apple Development";
				CODE_SIGN_STYLE = Automatic;
				CURRENT_PROJECT_VERSION = 100101;
				DEVELOPMENT_TEAM = T2N6RA2S89;
				GENERATE_INFOPLIST_FILE = YES;
				INFOPLIST_FILE = "qui extension/Info.plist";
				INFOPLIST_KEY_CFBundleDisplayName = "qui Widget Extension";
				INFOPLIST_KEY_NSHumanReadableCopyright = "";
				IPHONEOS_DEPLOYMENT_TARGET = 18.5;
				LD_RUNPATH_SEARCH_PATHS = (
					"$(inherited)",
					"@executable_path/Frameworks",
					"@executable_path/../../Frameworks",
				);
				MARKETING_VERSION = 1.0.10;
				PRODUCT_BUNDLE_IDENTIFIER = "com.joecieplinski.qui.qui-Widget-Extension";
				PRODUCT_NAME = "$(TARGET_NAME)";
				PROVISIONING_PROFILE_SPECIFIER = "";
				SKIP_INSTALL = YES;
				SWIFT_EMIT_LOC_STRINGS = YES;
				SWIFT_VERSION = 5.0;
				TARGETED_DEVICE_FAMILY = "1,2";
			};
			name = Debug;
		};
		AED6B4572DCD00B200FB6EB2 /* Release */ = {
			isa = XCBuildConfiguration;
			buildSettings = {
				ASSETCATALOG_COMPILER_GLOBAL_ACCENT_COLOR_NAME = AccentColor;
				ASSETCATALOG_COMPILER_WIDGET_BACKGROUND_COLOR_NAME = WidgetBackground;
				CODE_SIGN_ENTITLEMENTS = "qui Extension/qui Widget Extension.entitlements";
				CODE_SIGN_IDENTITY = "Apple Development";
				CODE_SIGN_STYLE = Automatic;
				CURRENT_PROJECT_VERSION = 100101;
				DEVELOPMENT_TEAM = T2N6RA2S89;
				GENERATE_INFOPLIST_FILE = YES;
				INFOPLIST_FILE = "qui extension/Info.plist";
				INFOPLIST_KEY_CFBundleDisplayName = "qui Widget Extension";
				INFOPLIST_KEY_NSHumanReadableCopyright = "";
				IPHONEOS_DEPLOYMENT_TARGET = 18.5;
				LD_RUNPATH_SEARCH_PATHS = (
					"$(inherited)",
					"@executable_path/Frameworks",
					"@executable_path/../../Frameworks",
				);
				MARKETING_VERSION = 1.0.10;
				PRODUCT_BUNDLE_IDENTIFIER = "com.joecieplinski.qui.qui-Widget-Extension";
				PRODUCT_NAME = "$(TARGET_NAME)";
				PROVISIONING_PROFILE_SPECIFIER = "";
				SKIP_INSTALL = YES;
				SWIFT_EMIT_LOC_STRINGS = YES;
				SWIFT_VERSION = 5.0;
				TARGETED_DEVICE_FAMILY = "1,2";
			};
			name = Release;
		};
/* End XCBuildConfiguration section */

/* Begin XCConfigurationList section */
		AE046B372DCE8C8B000DAD3A /* Build configuration list for PBXNativeTarget "qui watch Watch App" */ = {
			isa = XCConfigurationList;
			buildConfigurations = (
				AE046B382DCE8C8B000DAD3A /* Debug */,
				AE046B392DCE8C8B000DAD3A /* Release */,
			);
			defaultConfigurationIsVisible = 0;
			defaultConfigurationName = Release;
		};
		AE0A42892DCFF90E0093EE8B /* Build configuration list for PBXNativeTarget "qui watch complications extensionExtension" */ = {
			isa = XCConfigurationList;
			buildConfigurations = (
				AE0A428A2DCFF90E0093EE8B /* Debug */,
				AE0A428B2DCFF90E0093EE8B /* Release */,
			);
			defaultConfigurationIsVisible = 0;
			defaultConfigurationName = Release;
		};
		AE3103AA2DCBCC9200A36CDE /* Build configuration list for PBXProject "qui" */ = {
			isa = XCConfigurationList;
			buildConfigurations = (
				AE3103BA2DCBCC9300A36CDE /* Debug */,
				AE3103BB2DCBCC9300A36CDE /* Release */,
			);
			defaultConfigurationIsVisible = 0;
			defaultConfigurationName = Release;
		};
		AE3103BC2DCBCC9300A36CDE /* Build configuration list for PBXNativeTarget "qui" */ = {
			isa = XCConfigurationList;
			buildConfigurations = (
				AE3103BD2DCBCC9300A36CDE /* Debug */,
				AE3103BE2DCBCC9300A36CDE /* Release */,
			);
			defaultConfigurationIsVisible = 0;
			defaultConfigurationName = Release;
		};
		AED6B4552DCD00B200FB6EB2 /* Build configuration list for PBXNativeTarget "qui widget extension" */ = {
			isa = XCConfigurationList;
			buildConfigurations = (
				AED6B4562DCD00B200FB6EB2 /* Debug */,
				AED6B4572DCD00B200FB6EB2 /* Release */,
			);
			defaultConfigurationIsVisible = 0;
			defaultConfigurationName = Release;
		};
/* End XCConfigurationList section */
	};
	rootObject = AE3103A72DCBCC9200A36CDE /* Project object */;
}
